{
    "_meta": {
        "hash": {
            "sha256": "7e7cb47063803746f1461e094d1852758eb9e3f138e7c982218d55e1156f6dd2"
        },
        "pipfile-spec": 6,
        "requires": {
            "python_version": "3.12"
        },
        "sources": [
            {
                "name": "pypi",
                "url": "https://pypi.org/simple",
                "verify_ssl": true
            }
        ]
    },
    "default": {
        "netaddr": {
            "hashes": [
                "sha256:5c3c3d9895b551b763779ba7db7a03487dc1f8e3b385af819af341ae9ef6e48a",
                "sha256:c2c6a8ebe5554ce33b7d5b3a306b71bbb373e000bbbf2350dd5213cc56e3dbbe"
            ],
            "index": "pypi",
            "markers": "python_version >= '3.7'",
            "version": "==1.3.0"
        },
        "ruamel.yaml": {
            "hashes": [
                "sha256:59d0f8b10c658bd55ecd107e334d4117d766a2b9cc8f5176afcdadcff6f84a5e",
                "sha256:c17d2a7ccf7fd2dd4b6d699111c37e94f12277a1db71e847ad7f3d19b8e3e9f4"
            ],
            "markers": "python_version >= '3.7'",
            "version": "==0.18.9"
        },
        "ruamel.yaml.clib": {
            "hashes": [
                "sha256:024cfe1fc7c7f4e1aff4a81e718109e13409767e4f871443cbff3dba3578203d",
                "sha256:03d1162b6d1df1caa3a4bd27aa51ce17c9afc2046c31b0ad60a0a96ec22f8001",
                "sha256:07238db9cbdf8fc1e9de2489a4f68474e70dffcb32232db7c08fa61ca0c7c462",
                "sha256:09b055c05697b38ecacb7ac50bdab2240bfca1a0c4872b0fd309bb07dc9aa3a9",
                "sha256:1707814f0d9791df063f8c19bb51b0d1278b8e9a2353abbb676c2f685dee6afe",
                "sha256:1758ce7d8e1a29d23de54a16ae867abd370f01b5a69e1a3ba75223eaa3ca1a1b",
                "sha256:184565012b60405d93838167f425713180b949e9d8dd0bbc7b49f074407c5a8b",
                "sha256:1b617618914cb00bf5c34d4357c37aa15183fa229b24767259657746c9077615",
                "sha256:1dc67314e7e1086c9fdf2680b7b6c2be1c0d8e3a8279f2e993ca2a7545fecf62",
                "sha256:25ac8c08322002b06fa1d49d1646181f0b2c72f5cbc15a85e80b4c30a544bb15",
                "sha256:25c515e350e5b739842fc3228d662413ef28f295791af5e5110b543cf0b57d9b",
                "sha256:305889baa4043a09e5b76f8e2a51d4ffba44259f6b4c72dec8ca56207d9c6fe1",
                "sha256:3213ece08ea033eb159ac52ae052a4899b56ecc124bb80020d9bbceeb50258e9",
                "sha256:3f215c5daf6a9d7bbed4a0a4f760f3113b10e82ff4c5c44bec20a68c8014f675",
                "sha256:46d378daaac94f454b3a0e3d8d78cafd78a026b1d71443f4966c696b48a6d899",
                "sha256:4ecbf9c3e19f9562c7fdd462e8d18dd902a47ca046a2e64dba80699f0b6c09b7",
                "sha256:53a300ed9cea38cf5a2a9b069058137c2ca1ce658a874b79baceb8f892f915a7",
                "sha256:56f4252222c067b4ce51ae12cbac231bce32aee1d33fbfc9d17e5b8d6966c312",
                "sha256:5c365d91c88390c8d0a8545df0b5857172824b1c604e867161e6b3d59a827eaa",
                "sha256:700e4ebb569e59e16a976857c8798aee258dceac7c7d6b50cab63e080058df91",
                "sha256:75e1ed13e1f9de23c5607fe6bd1aeaae21e523b32d83bb33918245361e9cc51b",
                "sha256:77159f5d5b5c14f7c34073862a6b7d34944075d9f93e681638f6d753606c6ce6",
                "sha256:7f67a1ee819dc4562d444bbafb135832b0b909f81cc90f7aa00260968c9ca1b3",
                "sha256:840f0c7f194986a63d2c2465ca63af8ccbbc90ab1c6001b1978f05119b5e7334",
                "sha256:84b554931e932c46f94ab306913ad7e11bba988104c5cff26d90d03f68258cd5",
                "sha256:87ea5ff66d8064301a154b3933ae406b0863402a799b16e4a1d24d9fbbcbe0d3",
                "sha256:955eae71ac26c1ab35924203fda6220f84dce57d6d7884f189743e2abe3a9fbe",
                "sha256:a1a45e0bb052edf6a1d3a93baef85319733a888363938e1fc9924cb00c8df24c",
                "sha256:a5aa27bad2bb83670b71683aae140a1f52b0857a2deff56ad3f6c13a017a26ed",
                "sha256:a6a9ffd280b71ad062eae53ac1659ad86a17f59a0fdc7699fd9be40525153337",
                "sha256:a75879bacf2c987c003368cf14bed0ffe99e8e85acfa6c0bfffc21a090f16880",
                "sha256:aa2267c6a303eb483de8d02db2871afb5c5fc15618d894300b88958f729ad74f",
                "sha256:aab7fd643f71d7946f2ee58cc88c9b7bfc97debd71dcc93e03e2d174628e7e2d",
                "sha256:b16420e621d26fdfa949a8b4b47ade8810c56002f5389970db4ddda51dbff248",
                "sha256:b42169467c42b692c19cf539c38d4602069d8c1505e97b86387fcf7afb766e1d",
                "sha256:bba64af9fa9cebe325a62fa398760f5c7206b215201b0ec825005f1b18b9bccf",
                "sha256:beb2e0404003de9a4cab9753a8805a8fe9320ee6673136ed7f04255fe60bb512",
                "sha256:bef08cd86169d9eafb3ccb0a39edb11d8e25f3dae2b28f5c52fd997521133069",
                "sha256:c2a72e9109ea74e511e29032f3b670835f8a59bbdc9ce692c5b4ed91ccf1eedb",
                "sha256:c58ecd827313af6864893e7af0a3bb85fd529f862b6adbefe14643947cfe2942",
                "sha256:c69212f63169ec1cfc9bb44723bf2917cbbd8f6191a00ef3410f5a7fe300722d",
                "sha256:cabddb8d8ead485e255fe80429f833172b4cadf99274db39abc080e068cbcc31",
                "sha256:d176b57452ab5b7028ac47e7b3cf644bcfdc8cacfecf7e71759f7f51a59e5c92",
                "sha256:da09ad1c359a728e112d60116f626cc9f29730ff3e0e7db72b9a2dbc2e4beed5",
                "sha256:e2b4c44b60eadec492926a7270abb100ef9f72798e18743939bdbf037aab8c28",
                "sha256:e79e5db08739731b0ce4850bed599235d601701d5694c36570a99a0c5ca41a9d",
                "sha256:ebc06178e8821efc9692ea7544aa5644217358490145629914d8020042c24aa1",
                "sha256:edaef1c1200c4b4cb914583150dcaa3bc30e592e907c01117c08b13a07255ec2",
                "sha256:f481f16baec5290e45aebdc2a5168ebc6d35189ae6fea7a58787613a25f6e875",
                "sha256:fff3573c2db359f091e1589c3d7c5fc2f86f5bdb6f24252c2d8e539d4e45f412"
            ],
            "markers": "python_version >= '3.6'",
            "version": "==0.2.8"
        },
        "structlog": {
            "hashes": [
                "sha256:597f61e80a91cc0749a9fd2a098ed76715a1c8a01f73e336b746504d1aad7610",
                "sha256:b27bfecede327a6d2da5fbc96bd859f114ecc398a6389d664f62085ee7ae6fc4"
            ],
            "index": "pypi",
            "markers": "python_version >= '3.8'",
            "version": "==24.4.0"
        },
        "yamlize": {
            "hashes": [
                "sha256:256b6137972a2c7c1038fab376577900f8baf2e8e73fbb09166fd15ea5cccd3d",
                "sha256:e925d4c2da00de5c74ffe1babdd774427bc5adb0389f3be6abb31f5380b59b10"
            ],
            "index": "pypi",
            "version": "==0.7.1"
        }
    },
    "develop": {
        "cachetools": {
            "hashes": [
                "sha256:02134e8439cdc2ffb62023ce1debca2944c3f289d66bb17ead3ab3dede74b292",
                "sha256:2cc24fb4cbe39633fb7badd9db9ca6295d766d9c2995f245725a46715d050f2a"
            ],
            "markers": "python_version >= '3.7'",
            "version": "==5.5.0"
        },
        "chardet": {
            "hashes": [
                "sha256:1b3b6ff479a8c414bc3fa2c0852995695c4a026dcd6d0633b2dd092ca39c1cf7",
                "sha256:e1cf59446890a00105fe7b7912492ea04b6e6f06d4b742b2c788469e34c82970"
            ],
            "markers": "python_version >= '3.7'",
            "version": "==5.2.0"
        },
        "colorama": {
            "hashes": [
                "sha256:08695f5cb7ed6e0531a20572697297273c47b8cae5a63ffc6d6ed5c201be6e44",
                "sha256:4f1d9991f5acc0ca119f9d443620b77f9d6b33703e51011c16baf57afb285fc6"
            ],
            "markers": "python_version >= '2.7' and python_version not in '3.0, 3.1, 3.2, 3.3, 3.4, 3.5, 3.6'",
            "version": "==0.4.6"
        },
        "distlib": {
            "hashes": [
                "sha256:47f8c22fd27c27e25a65601af709b38e4f0a45ea4fc2e710f65755fa8caaaf87",
                "sha256:a60f20dea646b8a33f3e7772f74dc0b2d0772d2837ee1342a00645c81edf9403"
            ],
            "version": "==0.3.9"
        },
        "exceptiongroup": {
            "hashes": [
                "sha256:3111b9d131c238bec2f8f516e123e14ba243563fb135d3fe885990585aa7795b",
                "sha256:47c2edf7c6738fafb49fd34290706d1a1a2f4d1c6df275526b62cbb4aa5393cc"
            ],
            "markers": "python_version >= '3.7'",
            "version": "==1.2.2"
        },
        "filelock": {
            "hashes": [
                "sha256:2082e5703d51fbf98ea75855d9d5527e33d8ff23099bec374a134febee6946b0",
                "sha256:c249fbfcd5db47e5e2d6d62198e565475ee65e4831e2561c8e313fa7eb961435"
            ],
            "markers": "python_version >= '3.8'",
            "version": "==3.16.1"
        },
        "iniconfig": {
            "hashes": [
                "sha256:2d91e135bf72d31a410b17c16da610a82cb55f6b0477d1a902134b24a455b8b3",
                "sha256:b6a85871a79d2e3b22d2d1b94ac2824226a63c6b741c88f7ae975f18b6778374"
            ],
            "markers": "python_version >= '3.7'",
            "version": "==2.0.0"
        },
        "packaging": {
            "hashes": [
                "sha256:09abb1bccd265c01f4a3aa3f7a7db064b36514d2cba19a2f694fe6150451a759",
                "sha256:c228a6dc5e932d346bc5739379109d49e8853dd8223571c7c5b55260edc0b97f"
            ],
            "markers": "python_version >= '3.8'",
            "version": "==24.2"
        },
        "platformdirs": {
            "hashes": [
                "sha256:357fb2acbc885b0419afd3ce3ed34564c13c9b95c89360cd9563f73aa5e2b907",
                "sha256:73e575e1408ab8103900836b97580d5307456908a03e92031bab39e4554cc3fb"
            ],
            "markers": "python_version >= '3.8'",
            "version": "==4.3.6"
        },
        "pluggy": {
            "hashes": [
                "sha256:2cffa88e94fdc978c4c574f15f9e59b7f4201d439195c3715ca9e2486f1d0cf1",
                "sha256:44e1ad92c8ca002de6377e165f3e0f1be63266ab4d554740532335b9d75ea669"
            ],
            "markers": "python_version >= '3.8'",
            "version": "==1.5.0"
        },
        "pyproject-api": {
            "hashes": [
                "sha256:3d7d347a047afe796fd5d1885b1e391ba29be7169bd2f102fcd378f04273d228",
                "sha256:77b8049f2feb5d33eefcc21b57f1e279636277a8ac8ad6b5871037b243778496"
            ],
            "markers": "python_version >= '3.8'",
            "version": "==1.8.0"
        },
        "pytest": {
            "hashes": [
                "sha256:50e16d954148559c9a74109af1eaf0c945ba2d8f30f0a3d3335edde19788b6f6",
                "sha256:965370d062bce11e73868e0335abac31b4d3de0e82f4007408d242b4f8610761"
            ],
            "index": "pypi",
            "markers": "python_version >= '3.8'",
            "version": "==8.3.4"
        },
        "pytest-mock": {
            "hashes": [
                "sha256:0b72c38033392a5f4621342fe11e9219ac11ec9d375f8e2a0c164539e0d70f6f",
                "sha256:2719255a1efeceadbc056d6bf3df3d1c5015530fb40cf347c0f9afac88410bd0"
            ],
            "index": "pypi",
            "markers": "python_version >= '3.8'",
            "version": "==3.14.0"
        },
        "pytest-structlog": {
            "hashes": [
                "sha256:440123b0a7f93482383995b3fb796ed8c1b9a37edf405683a34774993ef09543",
                "sha256:928475948f886bc027f1550dccb892fb46bfb8bb1ddb0c44ab4fa3c5b3f3079a"
            ],
            "index": "pypi",
            "markers": "python_version >= '3.8'",
            "version": "==1.1"
        },
        "structlog": {
            "hashes": [
                "sha256:597f61e80a91cc0749a9fd2a098ed76715a1c8a01f73e336b746504d1aad7610",
                "sha256:b27bfecede327a6d2da5fbc96bd859f114ecc398a6389d664f62085ee7ae6fc4"
            ],
            "index": "pypi",
            "markers": "python_version >= '3.8'",
            "version": "==24.4.0"
        },
        "tomli": {
            "hashes": [
                "sha256:023aa114dd824ade0100497eb2318602af309e5a55595f76b626d6d9f3b7b0a6",
                "sha256:02abe224de6ae62c19f090f68da4e27b10af2b93213d36cf44e6e1c5abd19fdd",
                "sha256:286f0ca2ffeeb5b9bd4fcc8d6c330534323ec51b2f52da063b11c502da16f30c",
                "sha256:2d0f2fdd22b02c6d81637a3c95f8cd77f995846af7414c5c4b8d0545afa1bc4b",
                "sha256:33580bccab0338d00994d7f16f4c4ec25b776af3ffaac1ed74e0b3fc95e885a8",
                "sha256:400e720fe168c0f8521520190686ef8ef033fb19fc493da09779e592861b78c6",
                "sha256:40741994320b232529c802f8bc86da4e1aa9f413db394617b9a256ae0f9a7f77",
                "sha256:465af0e0875402f1d226519c9904f37254b3045fc5084697cefb9bdde1ff99ff",
                "sha256:4a8f6e44de52d5e6c657c9fe83b562f5f4256d8ebbfe4ff922c495620a7f6cea",
                "sha256:4e340144ad7ae1533cb897d406382b4b6fede8890a03738ff1683af800d54192",
                "sha256:678e4fa69e4575eb77d103de3df8a895e1591b48e740211bd1067378c69e8249",
                "sha256:6972ca9c9cc9f0acaa56a8ca1ff51e7af152a9f87fb64623e31d5c83700080ee",
                "sha256:7fc04e92e1d624a4a63c76474610238576942d6b8950a2d7f908a340494e67e4",
                "sha256:889f80ef92701b9dbb224e49ec87c645ce5df3fa2cc548664eb8a25e03127a98",
                "sha256:8d57ca8095a641b8237d5b079147646153d22552f1c637fd3ba7f4b0b29167a8",
                "sha256:8dd28b3e155b80f4d54beb40a441d366adcfe740969820caf156c019fb5c7ec4",
                "sha256:9316dc65bed1684c9a98ee68759ceaed29d229e985297003e494aa825ebb0281",
                "sha256:a198f10c4d1b1375d7687bc25294306e551bf1abfa4eace6650070a5c1ae2744",
                "sha256:a38aa0308e754b0e3c67e344754dff64999ff9b513e691d0e786265c93583c69",
                "sha256:a92ef1a44547e894e2a17d24e7557a5e85a9e1d0048b0b5e7541f76c5032cb13",
                "sha256:ac065718db92ca818f8d6141b5f66369833d4a80a9d74435a268c52bdfa73140",
                "sha256:b82ebccc8c8a36f2094e969560a1b836758481f3dc360ce9a3277c65f374285e",
                "sha256:c954d2250168d28797dd4e3ac5cf812a406cd5a92674ee4c8f123c889786aa8e",
                "sha256:cb55c73c5f4408779d0cf3eef9f762b9c9f147a77de7b258bef0a5628adc85cc",
                "sha256:cd45e1dc79c835ce60f7404ec8119f2eb06d38b1deba146f07ced3bbc44505ff",
                "sha256:d3f5614314d758649ab2ab3a62d4f2004c825922f9e370b29416484086b264ec",
                "sha256:d920f33822747519673ee656a4b6ac33e382eca9d331c87770faa3eef562aeb2",
                "sha256:db2b95f9de79181805df90bedc5a5ab4c165e6ec3fe99f970d0e302f384ad222",
                "sha256:e59e304978767a54663af13c07b3d1af22ddee3bb2fb0618ca1593e4f593a106",
                "sha256:e85e99945e688e32d5a35c1ff38ed0b3f41f43fad8df0bdf79f72b2ba7bc5272",
                "sha256:ece47d672db52ac607a3d9599a9d48dcb2f2f735c6c2d1f34130085bb12b112a",
                "sha256:f4039b9cbc3048b2416cc57ab3bda989a6fcf9b36cf8937f01a6e731b64f80d7"
            ],
            "markers": "python_version >= '3.8'",
            "version": "==2.2.1"
        },
        "tox": {
            "hashes": [
                "sha256:452bc32bb031f2282881a2118923176445bac783ab97c874b8770ab4c3b76c38",
                "sha256:86075e00e555df6e82e74cfc333917f91ecb47ffbc868dcafbd2672e332f4a2c"
            ],
            "index": "pypi",
            "markers": "python_version >= '3.8'",
            "version": "==4.23.2"
        },
        "typing-extensions": {
            "hashes": [
                "sha256:04e5ca0351e0f3f85c6853954072df659d0d13fac324d0072316b67d7794700d",
                "sha256:1a7ead55c7e559dd4dee8856e3a88b41225abfe1ce8df57b7c13915fe121ffb8"
            ],
            "markers": "python_version >= '3.8'",
            "version": "==4.12.2"
        },
        "virtualenv": {
            "hashes": [
                "sha256:412773c85d4dab0409b83ec36f7a6499e72eaf08c80e81e9576bca61831c71cb",
                "sha256:5d34ab240fdb5d21549b76f9e8ff3af28252f5499fb6d6f031adac4e5a8c5329"
            ],
            "markers": "python_version >= '3.8'",
            "version": "==20.28.1"
        }
    }
}
